
Microsoft Visual Studio Solution File, Format Version 12.00
# Visual Studio Version 17
VisualStudioVersion = 17.10.35013.160
MinimumVisualStudioVersion = 10.0.40219.1
Project("{FAE04EC0-301F-11D3-BF4B-00C04F79EFBC}") = "25.06.2024", "25.06.2024.csproj", "{C5A7E099-3901-4A21-B59E-88CF07B8D00D}"
EndProject
Global
	GlobalSection(SolutionConfigurationPlatforms) = preSolution
		Debug|Any CPU = Debug|Any CPU
		Release|Any CPU = Release|Any CPU
	EndGlobalSection
	GlobalSection(ProjectConfigurationPlatforms) = postSolution
		{C5A7E099-3901-4A21-B59E-88CF07B8D00D}.Debug|Any CPU.ActiveCfg = Debug|Any CPU
		{C5A7E099-3901-4A21-B59E-88CF07B8D00D}.Debug|Any CPU.Build.0 = Debug|Any CPU
		{C5A7E099-3901-4A21-B59E-88CF07B8D00D}.Release|Any CPU.ActiveCfg = Release|Any CPU
		{C5A7E099-3901-4A21-B59E-88CF07B8D00D}.Release|Any CPU.Build.0 = Release|Any CPU
	EndGlobalSection
	GlobalSection(SolutionProperties) = preSolution
		HideSolutionNode = FALSE
	EndGlobalSection
	GlobalSection(ExtensibilityGlobals) = postSolution
		SolutionGuid = {5EF94426-DE04-4290-AFF8-59F1F58705D5}
	EndGlobalSection
EndGlobal
